# This file is automatically @generated by Poetry 1.5.1 and should not be changed by hand.

[[package]]
name = "docopt"
version = "0.6.2"
description = "Pythonic argument parser, that will make you smile"
optional = false
python-versions = "*"
files = [
    {file = "docopt-0.6.2.tar.gz", hash = "sha256:49b3a825280bd66b3aa83585ef59c4a8c82f2c8a522dbe754a8bc8d08c85c491"},
]

[metadata]
lock-version = "2.0"
python-versions = "^3.11"
content-hash = "020d3e03335e70ca8b1cfd769838e50546a63b9ed4e4034ba584fd3a3ec497fd"
